
Microsoft Visual Studio Solution File, Format Version 12.00
# Visual Studio 15
VisualStudioVersion = 15.0.28307.539
MinimumVisualStudioVersion = 10.0.40219.1
Project("{FAE04EC0-301F-11D3-BF4B-00C04F79EFBC}") = "CategoryMS", "CategoryMS\CategoryMS.csproj", "{DB97C732-A74A-46E7-9D76-59885B1C5F98}"
EndProject
Global
	GlobalSection(SolutionConfigurationPlatforms) = preSolution
		Debug|Any CPU = Debug|Any CPU
		Release|Any CPU = Release|Any CPU
	EndGlobalSection
	GlobalSection(ProjectConfigurationPlatforms) = postSolution
		{DB97C732-A74A-46E7-9D76-59885B1C5F98}.Debug|Any CPU.ActiveCfg = Debug|Any CPU
		{DB97C732-A74A-46E7-9D76-59885B1C5F98}.Debug|Any CPU.Build.0 = Debug|Any CPU
		{DB97C732-A74A-46E7-9D76-59885B1C5F98}.Release|Any CPU.ActiveCfg = Release|Any CPU
		{DB97C732-A74A-46E7-9D76-59885B1C5F98}.Release|Any CPU.Build.0 = Release|Any CPU
	EndGlobalSection
	GlobalSection(SolutionProperties) = preSolution
		HideSolutionNode = FALSE
	EndGlobalSection
	GlobalSection(ExtensibilityGlobals) = postSolution
		SolutionGuid = {7701C14C-F6D0-4964-A440-E68F84100622}
	EndGlobalSection
EndGlobal
